{
  "version": 4,
  "terraform_version": "1.3.9",
  "serial": 1,
  "lineage": "91e242be-4a71-fcbe-f00d-31b59e94f4aa",
  "outputs": {},
  "resources": [
    {
      "mode": "managed",
      "type": "github_repository",
      "name": "terraform_second_repo",
      "provider": "provider[\"registry.terraform.io/hashicorp/github\"]",
      "instances": [
        {
          "schema_version": 1,
          "attributes": {
            "allow_auto_merge": false,
            "allow_merge_commit": true,
            "allow_rebase_merge": true,
            "allow_squash_merge": true,
            "allow_update_branch": false,
            "archive_on_destroy": null,
            "archived": false,
            "auto_init": true,
            "default_branch": "main",
            "delete_branch_on_merge": false,
            "description": "Creating repository using terraform.",
            "etag": "W/\"b0258dc465c0cca65374ee6c6cbe7ddbe342f773f6620d64caf0e23f33d134af\"",
            "full_name": "ankitsingh241/repo_using_terraform",
            "git_clone_url": "git://github.com/ankitsingh241/repo_using_terraform.git",
            "gitignore_template": null,
            "has_discussions": false,
            "has_downloads": false,
            "has_issues": false,
            "has_projects": false,
            "has_wiki": false,
            "homepage_url": "",
            "html_url": "https://github.com/ankitsingh241/repo_using_terraform",
            "http_clone_url": "https://github.com/ankitsingh241/repo_using_terraform.git",
            "id": "repo_using_terraform",
            "ignore_vulnerability_alerts_during_read": null,
            "is_template": false,
            "license_template": null,
            "merge_commit_message": "PR_TITLE",
            "merge_commit_title": "MERGE_MESSAGE",
            "name": "repo_using_terraform",
            "node_id": "R_kgDOK4vUow",
            "pages": [],
            "primary_language": "",
            "private": false,
            "repo_id": 730584227,
            "security_and_analysis": [
              {
                "advanced_security": [],
                "secret_scanning": [
                  {
                    "status": "disabled"
                  }
                ],
                "secret_scanning_push_protection": [
                  {
                    "status": "disabled"
                  }
                ]
              }
            ],
            "squash_merge_commit_message": "COMMIT_MESSAGES",
            "squash_merge_commit_title": "COMMIT_OR_PR_TITLE",
            "ssh_clone_url": "git@github.com:ankitsingh241/repo_using_terraform.git",
            "svn_url": "https://github.com/ankitsingh241/repo_using_terraform",
            "template": [],
            "topics": [],
            "visibility": "public",
            "vulnerability_alerts": false
          },
          "sensitive_attributes": [],
          "private": "eyJzY2hlbWFfdmVyc2lvbiI6IjEifQ=="
        }
      ]
    }
  ],
  "check_results": null
}
